{
    "version": 3,
    "terraform_version": "0.11.15",
    "serial": 12,
    "lineage": "a335cace-503b-2dcc-41bb-fa0b8b62241b",
    "modules": [
        {
            "path": [
                "root"
            ],
            "outputs": {
                "ELB_DNS_Name": {
                    "sensitive": false,
                    "type": "string",
                    "value": "gogoelb-2014977907.ap-south-1.elb.amazonaws.com"
                }
            },
            "resources": {
                "aws_ami_from_instance.gogouiami": {
                    "type": "aws_ami_from_instance",
                    "depends_on": [
                        "aws_instance.gogoec2"
                    ],
                    "primary": {
                        "id": "ami-081a20f78041ee109",
                        "attributes": {
                            "architecture": "x86_64",
                            "arn": "arn:aws:ec2:ap-south-1::image/ami-081a20f78041ee109",
                            "description": "",
                            "ebs_block_device.#": "1",
                            "ebs_block_device.4073625082.delete_on_termination": "true",
                            "ebs_block_device.4073625082.device_name": "/dev/xvda",
                            "ebs_block_device.4073625082.encrypted": "false",
                            "ebs_block_device.4073625082.iops": "0",
                            "ebs_block_device.4073625082.snapshot_id": "snap-00ed59c1426aba896",
                            "ebs_block_device.4073625082.volume_size": "8",
                            "ebs_block_device.4073625082.volume_type": "gp2",
                            "ena_support": "true",
                            "ephemeral_block_device.#": "0",
                            "id": "ami-081a20f78041ee109",
                            "image_location": "879954253778/gogouiami",
                            "kernel_id": "",
                            "manage_ebs_snapshots": "true",
                            "name": "gogouiami",
                            "ramdisk_id": "",
                            "root_device_name": "/dev/xvda",
                            "root_snapshot_id": "snap-00ed59c1426aba896",
                            "source_instance_id": "i-0b1ed9794ac43daef",
                            "sriov_net_support": "simple",
                            "tags.%": "1",
                            "tags.ENV": "DEV",
                            "virtualization_type": "hvm"
                        },
                        "meta": {
                            "e2bfb730-ecaa-11e6-8f88-34363bc7c4c0": {
                                "create": 2400000000000,
                                "delete": 5400000000000,
                                "update": 2400000000000
                            }
                        },
                        "tainted": false
                    },
                    "deposed": [],
                    "provider": "provider.aws"
                },
                "aws_autoscaling_group.gogoasg": {
                    "type": "aws_autoscaling_group",
                    "depends_on": [
                        "aws_instance.gogoec2",
                        "aws_launch_template.gogolt",
                        "aws_lb_target_group.gogotargetgroup",
                        "aws_placement_group.gogoplacement"
                    ],
                    "primary": {
                        "id": "gogo-ASG",
                        "attributes": {
                            "arn": "arn:aws:autoscaling:ap-south-1:879954253778:autoScalingGroup:9fa7a232-b4e1-4582-9b82-2fcf8a9dcf56:autoScalingGroupName/gogo-ASG",
                            "availability_zones.#": "1",
                            "availability_zones.1163474009": "ap-south-1a",
                            "default_cooldown": "300",
                            "desired_capacity": "1",
                            "enabled_metrics.#": "0",
                            "force_delete": "false",
                            "health_check_grace_period": "60",
                            "health_check_type": "ELB",
                            "id": "gogo-ASG",
                            "launch_configuration": "",
                            "launch_template.#": "1",
                            "launch_template.0.id": "lt-02cce38cc4f0063f6",
                            "launch_template.0.name": "gogolt20221210115153595400000001",
                            "launch_template.0.version": "$Default",
                            "load_balancers.#": "0",
                            "max_instance_lifetime": "0",
                            "max_size": "1",
                            "metrics_granularity": "1Minute",
                            "min_size": "1",
                            "mixed_instances_policy.#": "0",
                            "name": "gogo-ASG",
                            "placement_group": "gogoplacement",
                            "protect_from_scale_in": "false",
                            "service_linked_role_arn": "arn:aws:iam::879954253778:role/aws-service-role/autoscaling.amazonaws.com/AWSServiceRoleForAutoScaling",
                            "suspended_processes.#": "0",
                            "tag.#": "0",
                            "target_group_arns.#": "1",
                            "target_group_arns.642026549": "arn:aws:elasticloadbalancing:ap-south-1:879954253778:targetgroup/gogotargetgroup/44f8c4d2b28c1948",
                            "termination_policies.#": "0",
                            "vpc_zone_identifier.#": "0",
                            "wait_for_capacity_timeout": "10m"
                        },
                        "meta": {
                            "e2bfb730-ecaa-11e6-8f88-34363bc7c4c0": {
                                "delete": 600000000000
                            }
                        },
                        "tainted": false
                    },
                    "deposed": [],
                    "provider": "provider.aws"
                },
                "aws_default_subnet.defaultsubnet1": {
                    "type": "aws_default_subnet",
                    "depends_on": [],
                    "primary": {
                        "id": "subnet-08fdeb8c1b793013d",
                        "attributes": {
                            "arn": "arn:aws:ec2:ap-south-1:879954253778:subnet/subnet-08fdeb8c1b793013d",
                            "assign_ipv6_address_on_creation": "false",
                            "availability_zone": "ap-south-1a",
                            "availability_zone_id": "aps1-az1",
                            "cidr_block": "172.31.32.0/20",
                            "id": "subnet-08fdeb8c1b793013d",
                            "ipv6_cidr_block": "",
                            "ipv6_cidr_block_association_id": "",
                            "map_public_ip_on_launch": "true",
                            "outpost_arn": "",
                            "owner_id": "879954253778",
                            "tags.%": "1",
                            "tags.Name": "Default subnet1",
                            "vpc_id": "vpc-0625ad9a64e906dfe"
                        },
                        "meta": {
                            "e2bfb730-ecaa-11e6-8f88-34363bc7c4c0": {
                                "create": 600000000000,
                                "delete": 1200000000000
                            },
                            "schema_version": "1"
                        },
                        "tainted": false
                    },
                    "deposed": [],
                    "provider": "provider.aws"
                },
                "aws_default_subnet.defaultsubnet2": {
                    "type": "aws_default_subnet",
                    "depends_on": [],
                    "primary": {
                        "id": "subnet-06856e353241280ed",
                        "attributes": {
                            "arn": "arn:aws:ec2:ap-south-1:879954253778:subnet/subnet-06856e353241280ed",
                            "assign_ipv6_address_on_creation": "false",
                            "availability_zone": "ap-south-1b",
                            "availability_zone_id": "aps1-az3",
                            "cidr_block": "172.31.0.0/20",
                            "id": "subnet-06856e353241280ed",
                            "ipv6_cidr_block": "",
                            "ipv6_cidr_block_association_id": "",
                            "map_public_ip_on_launch": "true",
                            "outpost_arn": "",
                            "owner_id": "879954253778",
                            "tags.%": "1",
                            "tags.Name": "Default subnet2",
                            "vpc_id": "vpc-0625ad9a64e906dfe"
                        },
                        "meta": {
                            "e2bfb730-ecaa-11e6-8f88-34363bc7c4c0": {
                                "create": 600000000000,
                                "delete": 1200000000000
                            },
                            "schema_version": "1"
                        },
                        "tainted": false
                    },
                    "deposed": [],
                    "provider": "provider.aws"
                },
                "aws_default_vpc.default": {
                    "type": "aws_default_vpc",
                    "depends_on": [],
                    "primary": {
                        "id": "vpc-0625ad9a64e906dfe",
                        "attributes": {
                            "arn": "arn:aws:ec2:ap-south-1:879954253778:vpc/vpc-0625ad9a64e906dfe",
                            "assign_generated_ipv6_cidr_block": "false",
                            "cidr_block": "172.31.0.0/16",
                            "default_network_acl_id": "acl-040a6d320656e5234",
                            "default_route_table_id": "rtb-0c48a298ea9e8ad4b",
                            "default_security_group_id": "sg-0e449c1c581e87a47",
                            "dhcp_options_id": "dopt-0c833e63ce94d42f4",
                            "enable_dns_hostnames": "true",
                            "enable_dns_support": "true",
                            "id": "vpc-0625ad9a64e906dfe",
                            "instance_tenancy": "default",
                            "ipv6_association_id": "",
                            "ipv6_cidr_block": "",
                            "main_route_table_id": "rtb-0c48a298ea9e8ad4b",
                            "owner_id": "879954253778",
                            "tags.%": "1",
                            "tags.Name": "Default VPC"
                        },
                        "meta": {
                            "schema_version": "1"
                        },
                        "tainted": false
                    },
                    "deposed": [],
                    "provider": "provider.aws"
                },
                "aws_instance.gogoec2": {
                    "type": "aws_instance",
                    "depends_on": [],
                    "primary": {
                        "id": "i-0b1ed9794ac43daef",
                        "attributes": {
                            "ami": "ami-0eacc5b7915ba9921",
                            "arn": "arn:aws:ec2:ap-south-1:879954253778:instance/i-0b1ed9794ac43daef",
                            "associate_public_ip_address": "true",
                            "availability_zone": "ap-south-1a",
                            "cpu_core_count": "1",
                            "cpu_threads_per_core": "1",
                            "credit_specification.#": "1",
                            "credit_specification.0.cpu_credits": "standard",
                            "disable_api_termination": "false",
                            "ebs_block_device.#": "0",
                            "ebs_optimized": "false",
                            "ephemeral_block_device.#": "0",
                            "get_password_data": "false",
                            "hibernation": "false",
                            "iam_instance_profile": "",
                            "id": "i-0b1ed9794ac43daef",
                            "instance_initiated_shutdown_behavior": "terminate",
                            "instance_state": "running",
                            "instance_type": "t2.micro",
                            "ipv6_address_count": "0",
                            "ipv6_addresses.#": "0",
                            "key_name": "gogoec2",
                            "metadata_options.#": "1",
                            "metadata_options.0.http_endpoint": "enabled",
                            "metadata_options.0.http_put_response_hop_limit": "1",
                            "metadata_options.0.http_tokens": "optional",
                            "monitoring": "false",
                            "network_interface.#": "0",
                            "outpost_arn": "",
                            "password_data": "",
                            "placement_group": "",
                            "primary_network_interface_id": "eni-036b1dba0d6971499",
                            "private_dns": "ip-172-31-37-21.ap-south-1.compute.internal",
                            "private_ip": "172.31.37.21",
                            "public_dns": "ec2-43-205-95-74.ap-south-1.compute.amazonaws.com",
                            "public_ip": "43.205.95.74",
                            "root_block_device.#": "1",
                            "root_block_device.0.delete_on_termination": "true",
                            "root_block_device.0.device_name": "/dev/xvda",
                            "root_block_device.0.encrypted": "false",
                            "root_block_device.0.iops": "100",
                            "root_block_device.0.kms_key_id": "",
                            "root_block_device.0.volume_id": "vol-004f55e9c65e5ba8b",
                            "root_block_device.0.volume_size": "8",
                            "root_block_device.0.volume_type": "gp2",
                            "security_groups.#": "1",
                            "security_groups.3814588639": "default",
                            "source_dest_check": "true",
                            "subnet_id": "subnet-08fdeb8c1b793013d",
                            "tags.%": "2",
                            "tags.ENV": "DEV",
                            "tags.Name": "gogoBase",
                            "tenancy": "default",
                            "volume_tags.%": "0",
                            "vpc_security_group_ids.#": "1",
                            "vpc_security_group_ids.2956088482": "sg-0e449c1c581e87a47"
                        },
                        "meta": {
                            "e2bfb730-ecaa-11e6-8f88-34363bc7c4c0": {
                                "create": 600000000000,
                                "delete": 1200000000000,
                                "update": 600000000000
                            },
                            "schema_version": "1"
                        },
                        "tainted": false
                    },
                    "deposed": [],
                    "provider": "provider.aws"
                },
                "aws_key_pair.gogoec2": {
                    "type": "aws_key_pair",
                    "depends_on": [],
                    "primary": {
                        "id": "gogoec2",
                        "attributes": {
                            "arn": "arn:aws:ec2:ap-south-1:879954253778:key-pair/gogoec2",
                            "fingerprint": "db:e3:f1:fc:a9:4d:ad:0a:bf:75:1f:9e:ee:a5:d0:a9",
                            "id": "gogoec2",
                            "key_name": "gogoec2",
                            "key_pair_id": "key-06117edcbc5f5caa1",
                            "public_key": "ssh-rsa AAAAB3NzaC1yc2EAAAADAQABAAABAQCxGhDMMxJRjhuyr0EfMsscp8czA1jwoNKACrw8jQdsD8N/sMIulEcjRSwTHo4fBQswzB+kNm3UV+tJfwv/NBCaoEBCA870g79xR2rl5q6WBzh7HPy1DmvUwygBEc89HsH+TpTG77SiO3KD1oR2bG8rJ1lZeyIr3pTYFhw1whskQrZxpvZ2+Pj/VRR951I4byxQhXy1xIXVzFwSBgYaZQC4e8MuBsywq1ycxxK6CIdE35HAqHh1Y0xDirPNuV2rkXtVFXH8CoV7h7URr0zEgPXdvgc8AiTSlvNa4SotGFjMubOUrFPMQ4WByaLPOtKO3xkOZUQx4AOiqPCtn3kfZFjb root@ip-172-31-11-32",
                            "tags.%": "0"
                        },
                        "meta": {
                            "schema_version": "1"
                        },
                        "tainted": false
                    },
                    "deposed": [],
                    "provider": "provider.aws"
                },
                "aws_launch_template.gogolt": {
                    "type": "aws_launch_template",
                    "depends_on": [
                        "aws_ami_from_instance.gogouiami"
                    ],
                    "primary": {
                        "id": "lt-02cce38cc4f0063f6",
                        "attributes": {
                            "arn": "arn:aws:ec2:ap-south-1:879954253778:launch-template/lt-02cce38cc4f0063f6",
                            "block_device_mappings.#": "0",
                            "capacity_reservation_specification.#": "0",
                            "cpu_options.#": "0",
                            "credit_specification.#": "0",
                            "default_version": "1",
                            "description": "",
                            "disable_api_termination": "false",
                            "ebs_optimized": "",
                            "elastic_gpu_specifications.#": "0",
                            "elastic_inference_accelerator.#": "0",
                            "hibernation_options.#": "0",
                            "iam_instance_profile.#": "0",
                            "id": "lt-02cce38cc4f0063f6",
                            "image_id": "ami-081a20f78041ee109",
                            "instance_initiated_shutdown_behavior": "",
                            "instance_market_options.#": "0",
                            "instance_type": "t2.micro",
                            "kernel_id": "",
                            "key_name": "gogoec2",
                            "latest_version": "2",
                            "license_specification.#": "0",
                            "metadata_options.#": "0",
                            "monitoring.#": "0",
                            "name": "gogolt20221210115153595400000001",
                            "name_prefix": "gogolt",
                            "network_interfaces.#": "0",
                            "placement.#": "0",
                            "ram_disk_id": "",
                            "security_group_names.#": "0",
                            "tag_specifications.#": "0",
                            "tags.%": "2",
                            "tags.ENV": "DEV",
                            "tags.Name": "gogoUI",
                            "user_data": "",
                            "vpc_security_group_ids.#": "0"
                        },
                        "meta": {},
                        "tainted": false
                    },
                    "deposed": [],
                    "provider": "provider.aws"
                },
                "aws_lb.gogoelb": {
                    "type": "aws_lb",
                    "depends_on": [
                        "aws_default_subnet.defaultsubnet1",
                        "aws_default_subnet.defaultsubnet2"
                    ],
                    "primary": {
                        "id": "arn:aws:elasticloadbalancing:ap-south-1:879954253778:loadbalancer/app/gogoelb/aa52511c4a9d355f",
                        "attributes": {
                            "access_logs.#": "1",
                            "access_logs.0.bucket": "",
                            "access_logs.0.enabled": "false",
                            "access_logs.0.prefix": "",
                            "arn": "arn:aws:elasticloadbalancing:ap-south-1:879954253778:loadbalancer/app/gogoelb/aa52511c4a9d355f",
                            "arn_suffix": "app/gogoelb/aa52511c4a9d355f",
                            "dns_name": "gogoelb-2014977907.ap-south-1.elb.amazonaws.com",
                            "drop_invalid_header_fields": "false",
                            "enable_cross_zone_load_balancing": "true",
                            "enable_deletion_protection": "false",
                            "enable_http2": "true",
                            "id": "arn:aws:elasticloadbalancing:ap-south-1:879954253778:loadbalancer/app/gogoelb/aa52511c4a9d355f",
                            "idle_timeout": "60",
                            "internal": "false",
                            "ip_address_type": "ipv4",
                            "load_balancer_type": "application",
                            "name": "gogoelb",
                            "security_groups.#": "1",
                            "security_groups.2956088482": "sg-0e449c1c581e87a47",
                            "subnet_mapping.#": "2",
                            "subnet_mapping.2573489273.allocation_id": "",
                            "subnet_mapping.2573489273.subnet_id": "subnet-06856e353241280ed",
                            "subnet_mapping.538936129.allocation_id": "",
                            "subnet_mapping.538936129.subnet_id": "subnet-08fdeb8c1b793013d",
                            "subnets.#": "2",
                            "subnets.1651487496": "subnet-06856e353241280ed",
                            "subnets.2137817726": "subnet-08fdeb8c1b793013d",
                            "tags.%": "2",
                            "tags.ENV": "DEV",
                            "tags.Name": "UIWeb-FrontEnd",
                            "vpc_id": "vpc-0625ad9a64e906dfe",
                            "zone_id": "ZP97RAFLXTNZK"
                        },
                        "meta": {
                            "e2bfb730-ecaa-11e6-8f88-34363bc7c4c0": {
                                "create": 600000000000,
                                "delete": 600000000000,
                                "update": 600000000000
                            }
                        },
                        "tainted": false
                    },
                    "deposed": [],
                    "provider": "provider.aws"
                },
                "aws_lb_listener.gogolistener": {
                    "type": "aws_lb_listener",
                    "depends_on": [
                        "aws_lb.gogoelb",
                        "aws_lb_target_group.gogotargetgroup"
                    ],
                    "primary": {
                        "id": "arn:aws:elasticloadbalancing:ap-south-1:879954253778:listener/app/gogoelb/aa52511c4a9d355f/60d03c7d490009ca",
                        "attributes": {
                            "arn": "arn:aws:elasticloadbalancing:ap-south-1:879954253778:listener/app/gogoelb/aa52511c4a9d355f/60d03c7d490009ca",
                            "default_action.#": "1",
                            "default_action.0.authenticate_cognito.#": "0",
                            "default_action.0.authenticate_oidc.#": "0",
                            "default_action.0.fixed_response.#": "0",
                            "default_action.0.forward.#": "0",
                            "default_action.0.order": "1",
                            "default_action.0.redirect.#": "0",
                            "default_action.0.target_group_arn": "arn:aws:elasticloadbalancing:ap-south-1:879954253778:targetgroup/gogotargetgroup/44f8c4d2b28c1948",
                            "default_action.0.type": "forward",
                            "id": "arn:aws:elasticloadbalancing:ap-south-1:879954253778:listener/app/gogoelb/aa52511c4a9d355f/60d03c7d490009ca",
                            "load_balancer_arn": "arn:aws:elasticloadbalancing:ap-south-1:879954253778:loadbalancer/app/gogoelb/aa52511c4a9d355f",
                            "port": "80",
                            "protocol": "HTTP",
                            "ssl_policy": ""
                        },
                        "meta": {
                            "e2bfb730-ecaa-11e6-8f88-34363bc7c4c0": {
                                "read": 600000000000
                            }
                        },
                        "tainted": false
                    },
                    "deposed": [],
                    "provider": "provider.aws"
                },
                "aws_lb_target_group.gogotargetgroup": {
                    "type": "aws_lb_target_group",
                    "depends_on": [
                        "aws_default_vpc.default"
                    ],
                    "primary": {
                        "id": "arn:aws:elasticloadbalancing:ap-south-1:879954253778:targetgroup/gogotargetgroup/44f8c4d2b28c1948",
                        "attributes": {
                            "arn": "arn:aws:elasticloadbalancing:ap-south-1:879954253778:targetgroup/gogotargetgroup/44f8c4d2b28c1948",
                            "arn_suffix": "targetgroup/gogotargetgroup/44f8c4d2b28c1948",
                            "deregistration_delay": "300",
                            "health_check.#": "1",
                            "health_check.0.enabled": "true",
                            "health_check.0.healthy_threshold": "3",
                            "health_check.0.interval": "10",
                            "health_check.0.matcher": "200",
                            "health_check.0.path": "/",
                            "health_check.0.port": "80",
                            "health_check.0.protocol": "HTTP",
                            "health_check.0.timeout": "5",
                            "health_check.0.unhealthy_threshold": "10",
                            "id": "arn:aws:elasticloadbalancing:ap-south-1:879954253778:targetgroup/gogotargetgroup/44f8c4d2b28c1948",
                            "lambda_multi_value_headers_enabled": "false",
                            "load_balancing_algorithm_type": "round_robin",
                            "name": "gogotargetgroup",
                            "port": "80",
                            "protocol": "HTTP",
                            "proxy_protocol_v2": "false",
                            "slow_start": "0",
                            "stickiness.#": "1",
                            "stickiness.0.cookie_duration": "86400",
                            "stickiness.0.enabled": "false",
                            "stickiness.0.type": "lb_cookie",
                            "tags.%": "2",
                            "tags.ENV": "DEV",
                            "tags.name": "gogoUItarget",
                            "target_type": "instance",
                            "vpc_id": "vpc-0625ad9a64e906dfe"
                        },
                        "meta": {},
                        "tainted": false
                    },
                    "deposed": [],
                    "provider": "provider.aws"
                },
                "aws_placement_group.gogoplacement": {
                    "type": "aws_placement_group",
                    "depends_on": [],
                    "primary": {
                        "id": "gogoplacement",
                        "attributes": {
                            "arn": "arn:aws:ec2:ap-south-1:879954253778:placement-group/gogoplacement",
                            "id": "gogoplacement",
                            "name": "gogoplacement",
                            "placement_group_id": "pg-0be7434e9d6f3b60b",
                            "strategy": "spread",
                            "tags.%": "0"
                        },
                        "meta": {},
                        "tainted": false
                    },
                    "deposed": [],
                    "provider": "provider.aws"
                },
                "null_resource.postexecution": {
                    "type": "null_resource",
                    "depends_on": [
                        "aws_ami_from_instance.gogouiami",
                        "aws_instance.gogoec2"
                    ],
                    "primary": {
                        "id": "24290303561350261",
                        "attributes": {
                            "id": "24290303561350261"
                        },
                        "meta": {},
                        "tainted": false
                    },
                    "deposed": [],
                    "provider": "provider.null"
                }
            },
            "depends_on": []
        }
    ]
}
